{
  "version": 4,
  "terraform_version": "1.6.2",
  "serial": 22,
  "lineage": "b3e548a4-cd54-7bf4-f564-247280d1ad85",
  "outputs": {
    "hmi_vm_public_ip": {
      "value": "72.146.16.79",
      "type": "string"
    },
    "sql_admin_password": {
      "value": "P@ssword1234!",
      "type": "string",
      "sensitive": true
    },
    "sql_admin_username": {
      "value": "sqladminuser",
      "type": "string"
    },
    "sql_database_name": {
      "value": "HexUpdatesDB",
      "type": "string"
    },
    "sql_server_fqdn": {
      "value": "ota-sqlserver.database.windows.net",
      "type": "string"
    },
    "website_app_default_hostname": {
      "value": "ota-website-app.azurewebsites.net",
      "type": "string"
    }
  },
  "resources": [
    {
      "mode": "managed",
      "type": "azurerm_linux_virtual_machine",
      "name": "hmi_vm",
      "provider": "provider[\"registry.terraform.io/hashicorp/azurerm\"]",
      "instances": [
        {
          "schema_version": 0,
          "attributes": {
            "additional_capabilities": [],
            "admin_password": "P@ssword1234!",
            "admin_ssh_key": [],
            "admin_username": "azureuser",
            "allow_extension_operations": true,
            "availability_set_id": "",
            "boot_diagnostics": [],
            "bypass_platform_safety_checks_on_user_schedule_enabled": false,
            "capacity_reservation_group_id": "",
            "computer_name": "hmi-socket-vm",
            "custom_data": "I2Nsb3VkLWNvbmZpZw0KcGFja2FnZV91cGRhdGU6IHRydWUNCnBhY2thZ2VzOg0KICAtIHB5dGhvbjMtcGlwDQogIC0gcHl0aG9uMy1kZXYNCiAgLSB1bml4b2RiYy1kZXYNCiAgLSBnaXQNCg0KcnVuY21kOg0KICAjIEluc3RhbGwgdGhlIE1pY3Jvc29mdCBPREJDIERyaXZlciAxOCBmb3IgU1FMIFNlcnZlcg0KICAtIGN1cmwgaHR0cHM6Ly9wYWNrYWdlcy5taWNyb3NvZnQuY29tL2tleXMvbWljcm9zb2Z0LmFzYyB8IHN1ZG8gYXB0LWtleSBhZGQgLQ0KICAtIGN1cmwgaHR0cHM6Ly9wYWNrYWdlcy5taWNyb3NvZnQuY29tL2NvbmZpZy91YnVudHUvMTguMDQvcHJvZC5saXN0IHwgc3VkbyB0ZWUgL2V0Yy9hcHQvc291cmNlcy5saXN0LmQvbXNzcWwtcmVsZWFzZS5saXN0DQogIC0gc3VkbyBhcHQtZ2V0IHVwZGF0ZQ0KICAtIHN1ZG8gQUNDRVBUX0VVTEE9WSBhcHQtZ2V0IGluc3RhbGwgLXkgbXNvZGJjc3FsMTgNCiAgDQogIC0gY2QgL29wdA0KICAtIGdpdCBjbG9uZSBodHRwczovL2dpdGh1Yi5jb20vS2FyZWVtTW9hdGF6MDIvaG1pX3NlcnZlcg0KICAtIGNkIC9vcHQvaG1pX3NlcnZlcg0KICAtIHBpcDMgaW5zdGFsbCAtciByZXF1aXJlbWVudHMudHh0DQogIC0gfA0KICAgIGNhdCA8PCAnRU9GJyB8IHN1ZG8gdGVlIC9ldGMvc3lzdGVtZC9zeXN0ZW0vaG1pX3NlcnZlci5zZXJ2aWNlDQogICAgW1VuaXRdDQogICAgRGVzY3JpcHRpb249SE1JIFNvY2tldCBTZXJ2ZXINCiAgICBBZnRlcj1uZXR3b3JrLnRhcmdldA0KDQogICAgW1NlcnZpY2VdDQogICAgVXNlcj1henVyZXVzZXINCiAgICBXb3JraW5nRGlyZWN0b3J5PS9vcHQvaG1pX3NlcnZlcg0KICAgIEV4ZWNTdGFydD0vdXNyL2Jpbi9weXRob24zIHNvY2tldF9zZXJ2ZXIucHkNCiAgICBSZXN0YXJ0PWFsd2F5cw0KICAgIEVudmlyb25tZW50PSJTUUxfU0VSVkVSPW90YS1zcWxzZXJ2ZXIuZGF0YWJhc2Uud2luZG93cy5uZXQiDQogICAgRW52aXJvbm1lbnQ9IlNRTF9EQVRBQkFTRT1IZXhVcGRhdGVzREIiDQogICAgRW52aXJvbm1lbnQ9IlNRTF9VU0VSPXNxbGFkbWludXNlciINCiAgICBFbnZpcm9ubWVudD0iU1FMX1BBU1NXT1JEPVBAc3N3b3JkMTIzNCEiDQoNCiAgICBbSW5zdGFsbF0NCiAgICBXYW50ZWRCeT1tdWx0aS11c2VyLnRhcmdldA0KICAgIEVPRg0KICAtIHN1ZG8gc3lzdGVtY3RsIGRhZW1vbi1yZWxvYWQNCiAgLSBzdWRvIHN5c3RlbWN0bCBlbmFibGUgaG1pX3NlcnZlci5zZXJ2aWNlDQogIC0gc3VkbyBzeXN0ZW1jdGwgc3RhcnQgaG1pX3NlcnZlci5zZXJ2aWNlDQo=",
            "dedicated_host_group_id": "",
            "dedicated_host_id": "",
            "disable_password_authentication": false,
            "disk_controller_type": "",
            "edge_zone": "",
            "encryption_at_host_enabled": false,
            "eviction_policy": "",
            "extensions_time_budget": "PT1H30M",
            "gallery_application": [],
            "id": "/subscriptions/ec34342c-37de-48d7-a62d-6d8cbf370531/resourceGroups/ota-update-rg/providers/Microsoft.Compute/virtualMachines/hmi-socket-vm",
            "identity": [],
            "license_type": "",
            "location": "italynorth",
            "max_bid_price": -1,
            "name": "hmi-socket-vm",
            "network_interface_ids": [
              "/subscriptions/ec34342c-37de-48d7-a62d-6d8cbf370531/resourceGroups/ota-update-rg/providers/Microsoft.Network/networkInterfaces/hmi-nic"
            ],
            "os_disk": [
              {
                "caching": "ReadWrite",
                "diff_disk_settings": [],
                "disk_encryption_set_id": "",
                "disk_size_gb": 30,
                "id": "/subscriptions/ec34342c-37de-48d7-a62d-6d8cbf370531/resourceGroups/ota-update-rg/providers/Microsoft.Compute/disks/hmi-socket-vm_OsDisk_1_8d6e53953ef8452fb2befd51f77d99fd",
                "name": "hmi-socket-vm_OsDisk_1_8d6e53953ef8452fb2befd51f77d99fd",
                "secure_vm_disk_encryption_set_id": "",
                "security_encryption_type": "",
                "storage_account_type": "Standard_LRS",
                "write_accelerator_enabled": false
              }
            ],
            "os_image_notification": [],
            "patch_assessment_mode": "ImageDefault",
            "patch_mode": "ImageDefault",
            "plan": [],
            "platform_fault_domain": -1,
            "priority": "Regular",
            "private_ip_address": "10.0.1.4",
            "private_ip_addresses": [
              "10.0.1.4"
            ],
            "provision_vm_agent": true,
            "proximity_placement_group_id": "",
            "public_ip_address": "72.146.16.79",
            "public_ip_addresses": [
              "72.146.16.79"
            ],
            "reboot_setting": "",
            "resource_group_name": "ota-update-rg",
            "secret": [],
            "secure_boot_enabled": false,
            "size": "Standard_B1s",
            "source_image_id": "",
            "source_image_reference": [
              {
                "offer": "UbuntuServer",
                "publisher": "Canonical",
                "sku": "18.04-LTS",
                "version": "latest"
              }
            ],
            "tags": {},
            "termination_notification": [],
            "timeouts": null,
            "user_data": "",
            "virtual_machine_id": "2281d3c9-6474-4440-a95c-26a280dd11ae",
            "virtual_machine_scale_set_id": "",
            "vm_agent_platform_updates_enabled": false,
            "vtpm_enabled": false,
            "zone": ""
          },
          "sensitive_attributes": [],
          "private": "eyJlMmJmYjczMC1lY2FhLTExZTYtOGY4OC0zNDM2M2JjN2M0YzAiOnsiY3JlYXRlIjoyNzAwMDAwMDAwMDAwLCJkZWxldGUiOjI3MDAwMDAwMDAwMDAsInJlYWQiOjMwMDAwMDAwMDAwMCwidXBkYXRlIjoyNzAwMDAwMDAwMDAwfX0=",
          "dependencies": [
            "azurerm_mssql_server.sql_server",
            "azurerm_network_interface.hmi_nic",
            "azurerm_public_ip.hmi_public_ip",
            "azurerm_resource_group.rg",
            "azurerm_subnet.subnet",
            "azurerm_virtual_network.vnet"
          ]
        }
      ]
    },
    {
      "mode": "managed",
      "type": "azurerm_linux_web_app",
      "name": "website_app",
      "provider": "provider[\"registry.terraform.io/hashicorp/azurerm\"]",
      "instances": [
        {
          "schema_version": 1,
          "attributes": {
            "app_settings": {
              "HEX_STORAGE_ACCOUNT_KEY": "cUhewau8P2r8VZCaTcJhuK2UOYEdElCP7ei1haanTIMoLbRXYoXVdTbvxjQ6xpIkfkQ0Q6Za9fTJ+AStqEb7zA==",
              "HEX_STORAGE_ACCOUNT_NAME": "otahexstorage",
              "HEX_STORAGE_CONTAINER_NAME": "hexfiles",
              "SQL_DATABASE": "HexUpdatesDB",
              "SQL_PASSWORD": "P@ssword1234!",
              "SQL_SERVER": "ota-sqlserver.database.windows.net",
              "SQL_USER": "sqladminuser"
            },
            "auth_settings": [],
            "auth_settings_v2": [],
            "backup": [],
            "client_affinity_enabled": false,
            "client_certificate_enabled": false,
            "client_certificate_exclusion_paths": "",
            "client_certificate_mode": "Required",
            "connection_string": [],
            "custom_domain_verification_id": "6FA2523FDA6585B54A6AB37A61F9E1CA8E3FD194B439F7899073F35BEFFAF877",
            "default_hostname": "ota-website-app.azurewebsites.net",
            "enabled": true,
            "ftp_publish_basic_authentication_enabled": true,
            "hosting_environment_id": "",
            "https_only": true,
            "id": "/subscriptions/ec34342c-37de-48d7-a62d-6d8cbf370531/resourceGroups/ota-update-rg/providers/Microsoft.Web/sites/ota-website-app",
            "identity": [],
            "key_vault_reference_identity_id": "SystemAssigned",
            "kind": "app,linux,container",
            "location": "italynorth",
            "logs": [],
            "name": "ota-website-app",
            "outbound_ip_address_list": [
              "72.146.65.235",
              "72.146.65.247",
              "72.146.65.254",
              "72.146.66.5",
              "72.146.66.10",
              "72.146.66.67",
              "72.146.64.174",
              "72.146.64.218",
              "72.146.64.225",
              "72.146.64.226",
              "72.146.64.232",
              "72.146.64.248",
              "4.232.99.3"
            ],
            "outbound_ip_addresses": "72.146.65.235,72.146.65.247,72.146.65.254,72.146.66.5,72.146.66.10,72.146.66.67,72.146.64.174,72.146.64.218,72.146.64.225,72.146.64.226,72.146.64.232,72.146.64.248,4.232.99.3",
            "possible_outbound_ip_address_list": [
              "72.146.65.235",
              "72.146.65.247",
              "72.146.65.254",
              "72.146.66.5",
              "72.146.66.10",
              "72.146.66.67",
              "72.146.64.174",
              "72.146.64.218",
              "72.146.64.225",
              "72.146.64.226",
              "72.146.64.232",
              "72.146.64.248",
              "72.146.64.250",
              "72.146.65.6",
              "72.146.65.165",
              "72.146.65.167",
              "72.146.65.172",
              "72.146.65.193",
              "72.146.65.203",
              "72.146.65.205",
              "72.146.65.215",
              "72.146.65.183",
              "72.146.65.217",
              "72.146.65.233",
              "72.146.66.78",
              "72.146.66.82",
              "72.146.66.87",
              "72.146.66.96",
              "72.146.66.106",
              "72.146.66.110",
              "4.232.99.3"
            ],
            "possible_outbound_ip_addresses": "72.146.65.235,72.146.65.247,72.146.65.254,72.146.66.5,72.146.66.10,72.146.66.67,72.146.64.174,72.146.64.218,72.146.64.225,72.146.64.226,72.146.64.232,72.146.64.248,72.146.64.250,72.146.65.6,72.146.65.165,72.146.65.167,72.146.65.172,72.146.65.193,72.146.65.203,72.146.65.205,72.146.65.215,72.146.65.183,72.146.65.217,72.146.65.233,72.146.66.78,72.146.66.82,72.146.66.87,72.146.66.96,72.146.66.106,72.146.66.110,4.232.99.3",
            "public_network_access_enabled": true,
            "resource_group_name": "ota-update-rg",
            "service_plan_id": "/subscriptions/ec34342c-37de-48d7-a62d-6d8cbf370531/resourceGroups/ota-update-rg/providers/Microsoft.Web/serverFarms/ota-website-plan",
            "site_config": [
              {
                "always_on": false,
                "api_definition_url": "",
                "api_management_api_id": "",
                "app_command_line": "",
                "application_stack": [
                  {
                    "docker_image_name": "kareemmoataz13/ota-website-app:latest",
                    "docker_registry_password": "",
                    "docker_registry_url": "https://index.docker.io",
                    "docker_registry_username": "",
                    "dotnet_version": "",
                    "go_version": "",
                    "java_server": "",
                    "java_server_version": "",
                    "java_version": "",
                    "node_version": "",
                    "php_version": "",
                    "python_version": "",
                    "ruby_version": ""
                  }
                ],
                "auto_heal_setting": [],
                "container_registry_managed_identity_client_id": "",
                "container_registry_use_managed_identity": false,
                "cors": [],
                "default_documents": [
                  "Default.htm",
                  "Default.html",
                  "Default.asp",
                  "index.htm",
                  "index.html",
                  "iisstart.htm",
                  "default.aspx",
                  "index.php",
                  "hostingstart.html"
                ],
                "detailed_error_logging_enabled": false,
                "ftps_state": "Disabled",
                "health_check_eviction_time_in_min": 0,
                "health_check_path": "",
                "http2_enabled": false,
                "ip_restriction": [],
                "ip_restriction_default_action": "Allow",
                "linux_fx_version": "DOCKER|index.docker.io/kareemmoataz13/ota-website-app:latest",
                "load_balancing_mode": "LeastRequests",
                "local_mysql_enabled": false,
                "managed_pipeline_mode": "Integrated",
                "minimum_tls_version": "1.2",
                "remote_debugging_enabled": false,
                "remote_debugging_version": "VS2022",
                "scm_ip_restriction": [],
                "scm_ip_restriction_default_action": "Allow",
                "scm_minimum_tls_version": "1.2",
                "scm_type": "None",
                "scm_use_main_ip_restriction": false,
                "use_32_bit_worker": true,
                "vnet_route_all_enabled": false,
                "websockets_enabled": false,
                "worker_count": 1
              }
            ],
            "site_credential": [
              {
                "name": "$ota-website-app",
                "password": "2xW7t39ouc7NKl42JtwCrSfgDmhX0hmMMC6sdEs2skvY0h3unKzAvwnlNXs5"
              }
            ],
            "sticky_settings": [],
            "storage_account": [],
            "tags": {},
            "timeouts": null,
            "virtual_network_backup_restore_enabled": false,
            "virtual_network_subnet_id": "",
            "webdeploy_publish_basic_authentication_enabled": true,
            "zip_deploy_file": ""
          },
          "sensitive_attributes": [
            [
              {
                "type": "get_attr",
                "value": "app_settings"
              },
              {
                "type": "index",
                "value": {
                  "value": "HEX_STORAGE_ACCOUNT_KEY",
                  "type": "string"
                }
              }
            ]
          ],
          "private": "eyJlMmJmYjczMC1lY2FhLTExZTYtOGY4OC0zNDM2M2JjN2M0YzAiOnsiY3JlYXRlIjoxODAwMDAwMDAwMDAwLCJkZWxldGUiOjE4MDAwMDAwMDAwMDAsInJlYWQiOjMwMDAwMDAwMDAwMCwidXBkYXRlIjoxODAwMDAwMDAwMDAwfSwic2NoZW1hX3ZlcnNpb24iOiIxIn0=",
          "dependencies": [
            "azurerm_mssql_server.sql_server",
            "azurerm_resource_group.rg",
            "azurerm_service_plan.website_plan",
            "azurerm_storage_account.hex_storage",
            "azurerm_storage_container.hex_container"
          ]
        }
      ]
    },
    {
      "mode": "managed",
      "type": "azurerm_mssql_database",
      "name": "sql_db",
      "provider": "provider[\"registry.terraform.io/hashicorp/azurerm\"]",
      "instances": [
        {
          "schema_version": 1,
          "attributes": {
            "auto_pause_delay_in_minutes": 0,
            "collation": "SQL_Latin1_General_CP1_CI_AS",
            "create_mode": "Default",
            "creation_source_database_id": null,
            "elastic_pool_id": "",
            "enclave_type": "",
            "geo_backup_enabled": true,
            "id": "/subscriptions/ec34342c-37de-48d7-a62d-6d8cbf370531/resourceGroups/ota-update-rg/providers/Microsoft.Sql/servers/ota-sqlserver/databases/HexUpdatesDB",
            "identity": [],
            "import": [],
            "ledger_enabled": false,
            "license_type": "",
            "long_term_retention_policy": [
              {
                "immutable_backups_enabled": false,
                "monthly_retention": "PT0S",
                "week_of_year": 1,
                "weekly_retention": "PT0S",
                "yearly_retention": "PT0S"
              }
            ],
            "maintenance_configuration_name": "SQL_Default",
            "max_size_gb": 2,
            "min_capacity": 0,
            "name": "HexUpdatesDB",
            "read_replica_count": 0,
            "read_scale": false,
            "recover_database_id": null,
            "recovery_point_id": null,
            "restore_dropped_database_id": null,
            "restore_long_term_retention_backup_id": null,
            "restore_point_in_time": null,
            "sample_name": null,
            "secondary_type": "",
            "server_id": "/subscriptions/ec34342c-37de-48d7-a62d-6d8cbf370531/resourceGroups/ota-update-rg/providers/Microsoft.Sql/servers/ota-sqlserver",
            "short_term_retention_policy": [
              {
                "backup_interval_in_hours": 24,
                "retention_days": 7
              }
            ],
            "sku_name": "Basic",
            "storage_account_type": "Local",
            "tags": {},
            "threat_detection_policy": [
              {
                "disabled_alerts": [],
                "email_account_admins": "Disabled",
                "email_addresses": [],
                "retention_days": 0,
                "state": "Disabled",
                "storage_account_access_key": "",
                "storage_endpoint": ""
              }
            ],
            "timeouts": null,
            "transparent_data_encryption_enabled": true,
            "transparent_data_encryption_key_automatic_rotation_enabled": false,
            "transparent_data_encryption_key_vault_key_id": "",
            "zone_redundant": false
          },
          "sensitive_attributes": [],
          "private": "eyJlMmJmYjczMC1lY2FhLTExZTYtOGY4OC0zNDM2M2JjN2M0YzAiOnsiY3JlYXRlIjozNjAwMDAwMDAwMDAwLCJkZWxldGUiOjM2MDAwMDAwMDAwMDAsInJlYWQiOjMwMDAwMDAwMDAwMCwidXBkYXRlIjozNjAwMDAwMDAwMDAwfSwic2NoZW1hX3ZlcnNpb24iOiIxIn0=",
          "dependencies": [
            "azurerm_mssql_server.sql_server",
            "azurerm_resource_group.rg"
          ]
        }
      ]
    },
    {
      "mode": "managed",
      "type": "azurerm_mssql_firewall_rule",
      "name": "allow_azure_services",
      "provider": "provider[\"registry.terraform.io/hashicorp/azurerm\"]",
      "instances": [
        {
          "schema_version": 0,
          "attributes": {
            "end_ip_address": "0.0.0.0",
            "id": "/subscriptions/ec34342c-37de-48d7-a62d-6d8cbf370531/resourceGroups/ota-update-rg/providers/Microsoft.Sql/servers/ota-sqlserver/firewallRules/AllowAzureServices",
            "name": "AllowAzureServices",
            "server_id": "/subscriptions/ec34342c-37de-48d7-a62d-6d8cbf370531/resourceGroups/ota-update-rg/providers/Microsoft.Sql/servers/ota-sqlserver",
            "start_ip_address": "0.0.0.0",
            "timeouts": null
          },
          "sensitive_attributes": [],
          "private": "eyJlMmJmYjczMC1lY2FhLTExZTYtOGY4OC0zNDM2M2JjN2M0YzAiOnsiY3JlYXRlIjoxODAwMDAwMDAwMDAwLCJkZWxldGUiOjE4MDAwMDAwMDAwMDAsInJlYWQiOjMwMDAwMDAwMDAwMCwidXBkYXRlIjoxODAwMDAwMDAwMDAwfX0=",
          "dependencies": [
            "azurerm_mssql_server.sql_server",
            "azurerm_resource_group.rg"
          ]
        }
      ]
    },
    {
      "mode": "managed",
      "type": "azurerm_mssql_server",
      "name": "sql_server",
      "provider": "provider[\"registry.terraform.io/hashicorp/azurerm\"]",
      "instances": [
        {
          "schema_version": 0,
          "attributes": {
            "administrator_login": "sqladminuser",
            "administrator_login_password": "P@ssword1234!",
            "administrator_login_password_wo": null,
            "administrator_login_password_wo_version": 0,
            "azuread_administrator": [],
            "connection_policy": "Default",
            "express_vulnerability_assessment_enabled": false,
            "fully_qualified_domain_name": "ota-sqlserver.database.windows.net",
            "id": "/subscriptions/ec34342c-37de-48d7-a62d-6d8cbf370531/resourceGroups/ota-update-rg/providers/Microsoft.Sql/servers/ota-sqlserver",
            "identity": [],
            "location": "italynorth",
            "minimum_tls_version": "1.2",
            "name": "ota-sqlserver",
            "outbound_network_restriction_enabled": false,
            "primary_user_assigned_identity_id": "",
            "public_network_access_enabled": true,
            "resource_group_name": "ota-update-rg",
            "restorable_dropped_database_ids": [],
            "tags": {},
            "timeouts": null,
            "transparent_data_encryption_key_vault_key_id": "",
            "version": "12.0"
          },
          "sensitive_attributes": [],
          "private": "eyJlMmJmYjczMC1lY2FhLTExZTYtOGY4OC0zNDM2M2JjN2M0YzAiOnsiY3JlYXRlIjozNjAwMDAwMDAwMDAwLCJkZWxldGUiOjM2MDAwMDAwMDAwMDAsInJlYWQiOjMwMDAwMDAwMDAwMCwidXBkYXRlIjozNjAwMDAwMDAwMDAwfX0=",
          "dependencies": [
            "azurerm_resource_group.rg"
          ]
        }
      ]
    },
    {
      "mode": "managed",
      "type": "azurerm_network_interface",
      "name": "hmi_nic",
      "provider": "provider[\"registry.terraform.io/hashicorp/azurerm\"]",
      "instances": [
        {
          "schema_version": 0,
          "attributes": {
            "accelerated_networking_enabled": false,
            "applied_dns_servers": [],
            "auxiliary_mode": "",
            "auxiliary_sku": "",
            "dns_servers": [],
            "edge_zone": "",
            "id": "/subscriptions/ec34342c-37de-48d7-a62d-6d8cbf370531/resourceGroups/ota-update-rg/providers/Microsoft.Network/networkInterfaces/hmi-nic",
            "internal_dns_name_label": "",
            "internal_domain_name_suffix": "gh4tuessroduhlxydacyxg4xfg.milx.internal.cloudapp.net",
            "ip_configuration": [
              {
                "gateway_load_balancer_frontend_ip_configuration_id": "",
                "name": "internal",
                "primary": true,
                "private_ip_address": "10.0.1.4",
                "private_ip_address_allocation": "Dynamic",
                "private_ip_address_version": "IPv4",
                "public_ip_address_id": "/subscriptions/ec34342c-37de-48d7-a62d-6d8cbf370531/resourceGroups/ota-update-rg/providers/Microsoft.Network/publicIPAddresses/hmi-public-ip",
                "subnet_id": "/subscriptions/ec34342c-37de-48d7-a62d-6d8cbf370531/resourceGroups/ota-update-rg/providers/Microsoft.Network/virtualNetworks/ota-vnet/subnets/ota-subnet"
              }
            ],
            "ip_forwarding_enabled": false,
            "location": "italynorth",
            "mac_address": "60-45-BD-F8-9F-3D",
            "name": "hmi-nic",
            "private_ip_address": "10.0.1.4",
            "private_ip_addresses": [
              "10.0.1.4"
            ],
            "resource_group_name": "ota-update-rg",
            "tags": {},
            "timeouts": null,
            "virtual_machine_id": "/subscriptions/ec34342c-37de-48d7-a62d-6d8cbf370531/resourceGroups/ota-update-rg/providers/Microsoft.Compute/virtualMachines/hmi-socket-vm"
          },
          "sensitive_attributes": [],
          "private": "eyJlMmJmYjczMC1lY2FhLTExZTYtOGY4OC0zNDM2M2JjN2M0YzAiOnsiY3JlYXRlIjoxODAwMDAwMDAwMDAwLCJkZWxldGUiOjE4MDAwMDAwMDAwMDAsInJlYWQiOjMwMDAwMDAwMDAwMCwidXBkYXRlIjoxODAwMDAwMDAwMDAwfX0=",
          "dependencies": [
            "azurerm_public_ip.hmi_public_ip",
            "azurerm_resource_group.rg",
            "azurerm_subnet.subnet",
            "azurerm_virtual_network.vnet"
          ]
        }
      ]
    },
    {
      "mode": "managed",
      "type": "azurerm_network_interface_security_group_association",
      "name": "hmi_nic_association",
      "provider": "provider[\"registry.terraform.io/hashicorp/azurerm\"]",
      "instances": [
        {
          "schema_version": 0,
          "attributes": {
            "id": "/subscriptions/ec34342c-37de-48d7-a62d-6d8cbf370531/resourceGroups/ota-update-rg/providers/Microsoft.Network/networkInterfaces/hmi-nic|/subscriptions/ec34342c-37de-48d7-a62d-6d8cbf370531/resourceGroups/ota-update-rg/providers/Microsoft.Network/networkSecurityGroups/hmi-nsg",
            "network_interface_id": "/subscriptions/ec34342c-37de-48d7-a62d-6d8cbf370531/resourceGroups/ota-update-rg/providers/Microsoft.Network/networkInterfaces/hmi-nic",
            "network_security_group_id": "/subscriptions/ec34342c-37de-48d7-a62d-6d8cbf370531/resourceGroups/ota-update-rg/providers/Microsoft.Network/networkSecurityGroups/hmi-nsg",
            "timeouts": null
          },
          "sensitive_attributes": [],
          "private": "eyJlMmJmYjczMC1lY2FhLTExZTYtOGY4OC0zNDM2M2JjN2M0YzAiOnsiY3JlYXRlIjoxODAwMDAwMDAwMDAwLCJkZWxldGUiOjE4MDAwMDAwMDAwMDAsInJlYWQiOjMwMDAwMDAwMDAwMH19",
          "dependencies": [
            "azurerm_network_interface.hmi_nic",
            "azurerm_network_security_group.hmi_nsg",
            "azurerm_public_ip.hmi_public_ip",
            "azurerm_resource_group.rg",
            "azurerm_subnet.subnet",
            "azurerm_virtual_network.vnet"
          ]
        }
      ]
    },
    {
      "mode": "managed",
      "type": "azurerm_network_security_group",
      "name": "hmi_nsg",
      "provider": "provider[\"registry.terraform.io/hashicorp/azurerm\"]",
      "instances": [
        {
          "schema_version": 0,
          "attributes": {
            "id": "/subscriptions/ec34342c-37de-48d7-a62d-6d8cbf370531/resourceGroups/ota-update-rg/providers/Microsoft.Network/networkSecurityGroups/hmi-nsg",
            "location": "italynorth",
            "name": "hmi-nsg",
            "resource_group_name": "ota-update-rg",
            "security_rule": [
              {
                "access": "Allow",
                "description": "",
                "destination_address_prefix": "*",
                "destination_address_prefixes": [],
                "destination_application_security_group_ids": [],
                "destination_port_range": "22",
                "destination_port_ranges": [],
                "direction": "Inbound",
                "name": "AllowSSH",
                "priority": 1001,
                "protocol": "Tcp",
                "source_address_prefix": "*",
                "source_address_prefixes": [],
                "source_application_security_group_ids": [],
                "source_port_range": "*",
                "source_port_ranges": []
              },
              {
                "access": "Allow",
                "description": "",
                "destination_address_prefix": "*",
                "destination_address_prefixes": [],
                "destination_application_security_group_ids": [],
                "destination_port_range": "9000",
                "destination_port_ranges": [],
                "direction": "Inbound",
                "name": "AllowCustomPort9000",
                "priority": 1002,
                "protocol": "Tcp",
                "source_address_prefix": "*",
                "source_address_prefixes": [],
                "source_application_security_group_ids": [],
                "source_port_range": "*",
                "source_port_ranges": []
              }
            ],
            "tags": {},
            "timeouts": null
          },
          "sensitive_attributes": [],
          "private": "eyJlMmJmYjczMC1lY2FhLTExZTYtOGY4OC0zNDM2M2JjN2M0YzAiOnsiY3JlYXRlIjoxODAwMDAwMDAwMDAwLCJkZWxldGUiOjE4MDAwMDAwMDAwMDAsInJlYWQiOjMwMDAwMDAwMDAwMCwidXBkYXRlIjoxODAwMDAwMDAwMDAwfX0=",
          "dependencies": [
            "azurerm_resource_group.rg"
          ]
        }
      ]
    },
    {
      "mode": "managed",
      "type": "azurerm_public_ip",
      "name": "hmi_public_ip",
      "provider": "provider[\"registry.terraform.io/hashicorp/azurerm\"]",
      "instances": [
        {
          "schema_version": 0,
          "attributes": {
            "allocation_method": "Static",
            "ddos_protection_mode": "VirtualNetworkInherited",
            "ddos_protection_plan_id": null,
            "domain_name_label": null,
            "domain_name_label_scope": null,
            "edge_zone": "",
            "fqdn": null,
            "id": "/subscriptions/ec34342c-37de-48d7-a62d-6d8cbf370531/resourceGroups/ota-update-rg/providers/Microsoft.Network/publicIPAddresses/hmi-public-ip",
            "idle_timeout_in_minutes": 4,
            "ip_address": "72.146.16.79",
            "ip_tags": {},
            "ip_version": "IPv4",
            "location": "italynorth",
            "name": "hmi-public-ip",
            "public_ip_prefix_id": null,
            "resource_group_name": "ota-update-rg",
            "reverse_fqdn": null,
            "sku": "Standard",
            "sku_tier": "Regional",
            "tags": {},
            "timeouts": null,
            "zones": []
          },
          "sensitive_attributes": [],
          "private": "eyJlMmJmYjczMC1lY2FhLTExZTYtOGY4OC0zNDM2M2JjN2M0YzAiOnsiY3JlYXRlIjoxODAwMDAwMDAwMDAwLCJkZWxldGUiOjE4MDAwMDAwMDAwMDAsInJlYWQiOjMwMDAwMDAwMDAwMCwidXBkYXRlIjoxODAwMDAwMDAwMDAwfX0=",
          "dependencies": [
            "azurerm_resource_group.rg"
          ]
        }
      ]
    },
    {
      "mode": "managed",
      "type": "azurerm_resource_group",
      "name": "rg",
      "provider": "provider[\"registry.terraform.io/hashicorp/azurerm\"]",
      "instances": [
        {
          "schema_version": 0,
          "attributes": {
            "id": "/subscriptions/ec34342c-37de-48d7-a62d-6d8cbf370531/resourceGroups/ota-update-rg",
            "location": "italynorth",
            "managed_by": "",
            "name": "ota-update-rg",
            "tags": {},
            "timeouts": null
          },
          "sensitive_attributes": [],
          "private": "eyJlMmJmYjczMC1lY2FhLTExZTYtOGY4OC0zNDM2M2JjN2M0YzAiOnsiY3JlYXRlIjo1NDAwMDAwMDAwMDAwLCJkZWxldGUiOjU0MDAwMDAwMDAwMDAsInJlYWQiOjMwMDAwMDAwMDAwMCwidXBkYXRlIjo1NDAwMDAwMDAwMDAwfX0="
        }
      ]
    },
    {
      "mode": "managed",
      "type": "azurerm_service_plan",
      "name": "website_plan",
      "provider": "provider[\"registry.terraform.io/hashicorp/azurerm\"]",
      "instances": [
        {
          "schema_version": 1,
          "attributes": {
            "app_service_environment_id": "",
            "id": "/subscriptions/ec34342c-37de-48d7-a62d-6d8cbf370531/resourceGroups/ota-update-rg/providers/Microsoft.Web/serverFarms/ota-website-plan",
            "kind": "linux",
            "location": "italynorth",
            "maximum_elastic_worker_count": 1,
            "name": "ota-website-plan",
            "os_type": "Linux",
            "per_site_scaling_enabled": false,
            "premium_plan_auto_scale_enabled": false,
            "reserved": true,
            "resource_group_name": "ota-update-rg",
            "sku_name": "B1",
            "tags": {},
            "timeouts": null,
            "worker_count": 1,
            "zone_balancing_enabled": false
          },
          "sensitive_attributes": [],
          "private": "eyJlMmJmYjczMC1lY2FhLTExZTYtOGY4OC0zNDM2M2JjN2M0YzAiOnsiY3JlYXRlIjozNjAwMDAwMDAwMDAwLCJkZWxldGUiOjM2MDAwMDAwMDAwMDAsInJlYWQiOjMwMDAwMDAwMDAwMCwidXBkYXRlIjozNjAwMDAwMDAwMDAwfSwic2NoZW1hX3ZlcnNpb24iOiIxIn0=",
          "dependencies": [
            "azurerm_resource_group.rg"
          ]
        }
      ]
    },
    {
      "mode": "managed",
      "type": "azurerm_storage_account",
      "name": "hex_storage",
      "provider": "provider[\"registry.terraform.io/hashicorp/azurerm\"]",
      "instances": [
        {
          "schema_version": 4,
          "attributes": {
            "access_tier": "Hot",
            "account_kind": "StorageV2",
            "account_replication_type": "LRS",
            "account_tier": "Standard",
            "allow_nested_items_to_be_public": true,
            "allowed_copy_scope": "",
            "azure_files_authentication": [],
            "blob_properties": [
              {
                "change_feed_enabled": false,
                "change_feed_retention_in_days": 0,
                "container_delete_retention_policy": [],
                "cors_rule": [],
                "default_service_version": "",
                "delete_retention_policy": [],
                "last_access_time_enabled": false,
                "restore_policy": [],
                "versioning_enabled": false
              }
            ],
            "cross_tenant_replication_enabled": false,
            "custom_domain": [],
            "customer_managed_key": [],
            "default_to_oauth_authentication": false,
            "dns_endpoint_type": "Standard",
            "edge_zone": "",
            "https_traffic_only_enabled": true,
            "id": "/subscriptions/ec34342c-37de-48d7-a62d-6d8cbf370531/resourceGroups/ota-update-rg/providers/Microsoft.Storage/storageAccounts/otahexstorage",
            "identity": [],
            "immutability_policy": [],
            "infrastructure_encryption_enabled": false,
            "is_hns_enabled": false,
            "large_file_share_enabled": false,
            "local_user_enabled": true,
            "location": "italynorth",
            "min_tls_version": "TLS1_2",
            "name": "otahexstorage",
            "network_rules": [],
            "nfsv3_enabled": false,
            "primary_access_key": "cUhewau8P2r8VZCaTcJhuK2UOYEdElCP7ei1haanTIMoLbRXYoXVdTbvxjQ6xpIkfkQ0Q6Za9fTJ+AStqEb7zA==",
            "primary_blob_connection_string": "DefaultEndpointsProtocol=https;BlobEndpoint=https://otahexstorage.blob.core.windows.net/;AccountName=otahexstorage;AccountKey=cUhewau8P2r8VZCaTcJhuK2UOYEdElCP7ei1haanTIMoLbRXYoXVdTbvxjQ6xpIkfkQ0Q6Za9fTJ+AStqEb7zA==",
            "primary_blob_endpoint": "https://otahexstorage.blob.core.windows.net/",
            "primary_blob_host": "otahexstorage.blob.core.windows.net",
            "primary_blob_internet_endpoint": "",
            "primary_blob_internet_host": "",
            "primary_blob_microsoft_endpoint": "",
            "primary_blob_microsoft_host": "",
            "primary_connection_string": "DefaultEndpointsProtocol=https;AccountName=otahexstorage;AccountKey=cUhewau8P2r8VZCaTcJhuK2UOYEdElCP7ei1haanTIMoLbRXYoXVdTbvxjQ6xpIkfkQ0Q6Za9fTJ+AStqEb7zA==;EndpointSuffix=core.windows.net",
            "primary_dfs_endpoint": "https://otahexstorage.dfs.core.windows.net/",
            "primary_dfs_host": "otahexstorage.dfs.core.windows.net",
            "primary_dfs_internet_endpoint": "",
            "primary_dfs_internet_host": "",
            "primary_dfs_microsoft_endpoint": "",
            "primary_dfs_microsoft_host": "",
            "primary_file_endpoint": "https://otahexstorage.file.core.windows.net/",
            "primary_file_host": "otahexstorage.file.core.windows.net",
            "primary_file_internet_endpoint": "",
            "primary_file_internet_host": "",
            "primary_file_microsoft_endpoint": "",
            "primary_file_microsoft_host": "",
            "primary_location": "italynorth",
            "primary_queue_endpoint": "https://otahexstorage.queue.core.windows.net/",
            "primary_queue_host": "otahexstorage.queue.core.windows.net",
            "primary_queue_microsoft_endpoint": "",
            "primary_queue_microsoft_host": "",
            "primary_table_endpoint": "https://otahexstorage.table.core.windows.net/",
            "primary_table_host": "otahexstorage.table.core.windows.net",
            "primary_table_microsoft_endpoint": "",
            "primary_table_microsoft_host": "",
            "primary_web_endpoint": "https://otahexstorage.z38.web.core.windows.net/",
            "primary_web_host": "otahexstorage.z38.web.core.windows.net",
            "primary_web_internet_endpoint": "",
            "primary_web_internet_host": "",
            "primary_web_microsoft_endpoint": "",
            "primary_web_microsoft_host": "",
            "public_network_access_enabled": true,
            "queue_encryption_key_type": "Service",
            "queue_properties": [
              {
                "cors_rule": [],
                "hour_metrics": [
                  {
                    "enabled": false,
                    "include_apis": false,
                    "retention_policy_days": 0,
                    "version": "1.0"
                  }
                ],
                "logging": [
                  {
                    "delete": false,
                    "read": false,
                    "retention_policy_days": 0,
                    "version": "1.0",
                    "write": false
                  }
                ],
                "minute_metrics": [
                  {
                    "enabled": false,
                    "include_apis": false,
                    "retention_policy_days": 0,
                    "version": "1.0"
                  }
                ]
              }
            ],
            "resource_group_name": "ota-update-rg",
            "routing": [],
            "sas_policy": [],
            "secondary_access_key": "fX16zE61kfNfhgj7FV3zsXfoSDhgD+k6jp/o38wYAy3yUDmJ60Uto2eggCmXIwwW6n5uE5a9m9Qo+AStfrya/w==",
            "secondary_blob_connection_string": "",
            "secondary_blob_endpoint": "",
            "secondary_blob_host": "",
            "secondary_blob_internet_endpoint": "",
            "secondary_blob_internet_host": "",
            "secondary_blob_microsoft_endpoint": "",
            "secondary_blob_microsoft_host": "",
            "secondary_connection_string": "DefaultEndpointsProtocol=https;AccountName=otahexstorage;AccountKey=fX16zE61kfNfhgj7FV3zsXfoSDhgD+k6jp/o38wYAy3yUDmJ60Uto2eggCmXIwwW6n5uE5a9m9Qo+AStfrya/w==;EndpointSuffix=core.windows.net",
            "secondary_dfs_endpoint": "",
            "secondary_dfs_host": "",
            "secondary_dfs_internet_endpoint": "",
            "secondary_dfs_internet_host": "",
            "secondary_dfs_microsoft_endpoint": "",
            "secondary_dfs_microsoft_host": "",
            "secondary_file_endpoint": "",
            "secondary_file_host": "",
            "secondary_file_internet_endpoint": "",
            "secondary_file_internet_host": "",
            "secondary_file_microsoft_endpoint": "",
            "secondary_file_microsoft_host": "",
            "secondary_location": "",
            "secondary_queue_endpoint": "",
            "secondary_queue_host": "",
            "secondary_queue_microsoft_endpoint": "",
            "secondary_queue_microsoft_host": "",
            "secondary_table_endpoint": "",
            "secondary_table_host": "",
            "secondary_table_microsoft_endpoint": "",
            "secondary_table_microsoft_host": "",
            "secondary_web_endpoint": "",
            "secondary_web_host": "",
            "secondary_web_internet_endpoint": "",
            "secondary_web_internet_host": "",
            "secondary_web_microsoft_endpoint": "",
            "secondary_web_microsoft_host": "",
            "sftp_enabled": false,
            "share_properties": [
              {
                "cors_rule": [],
                "retention_policy": [
                  {
                    "days": 7
                  }
                ],
                "smb": []
              }
            ],
            "shared_access_key_enabled": true,
            "static_website": [],
            "table_encryption_key_type": "Service",
            "tags": {},
            "timeouts": null
          },
          "sensitive_attributes": [],
          "private": "eyJlMmJmYjczMC1lY2FhLTExZTYtOGY4OC0zNDM2M2JjN2M0YzAiOnsiY3JlYXRlIjozNjAwMDAwMDAwMDAwLCJkZWxldGUiOjM2MDAwMDAwMDAwMDAsInJlYWQiOjMwMDAwMDAwMDAwMCwidXBkYXRlIjozNjAwMDAwMDAwMDAwfSwic2NoZW1hX3ZlcnNpb24iOiI0In0=",
          "dependencies": [
            "azurerm_resource_group.rg"
          ]
        }
      ]
    },
    {
      "mode": "managed",
      "type": "azurerm_storage_container",
      "name": "hex_container",
      "provider": "provider[\"registry.terraform.io/hashicorp/azurerm\"]",
      "instances": [
        {
          "schema_version": 1,
          "attributes": {
            "container_access_type": "blob",
            "default_encryption_scope": "$account-encryption-key",
            "encryption_scope_override_enabled": true,
            "has_immutability_policy": false,
            "has_legal_hold": false,
            "id": "https://otahexstorage.blob.core.windows.net/hexfiles",
            "metadata": {},
            "name": "hexfiles",
            "resource_manager_id": "/subscriptions/ec34342c-37de-48d7-a62d-6d8cbf370531/resourceGroups/ota-update-rg/providers/Microsoft.Storage/storageAccounts/otahexstorage/blobServices/default/containers/hexfiles",
            "storage_account_id": null,
            "storage_account_name": "otahexstorage",
            "timeouts": null
          },
          "sensitive_attributes": [],
          "private": "eyJlMmJmYjczMC1lY2FhLTExZTYtOGY4OC0zNDM2M2JjN2M0YzAiOnsiY3JlYXRlIjoxODAwMDAwMDAwMDAwLCJkZWxldGUiOjE4MDAwMDAwMDAwMDAsInJlYWQiOjMwMDAwMDAwMDAwMCwidXBkYXRlIjoxODAwMDAwMDAwMDAwfSwic2NoZW1hX3ZlcnNpb24iOiIxIn0=",
          "dependencies": [
            "azurerm_resource_group.rg",
            "azurerm_storage_account.hex_storage"
          ]
        }
      ]
    },
    {
      "mode": "managed",
      "type": "azurerm_subnet",
      "name": "subnet",
      "provider": "provider[\"registry.terraform.io/hashicorp/azurerm\"]",
      "instances": [
        {
          "schema_version": 0,
          "attributes": {
            "address_prefixes": [
              "10.0.1.0/24"
            ],
            "default_outbound_access_enabled": true,
            "delegation": [],
            "id": "/subscriptions/ec34342c-37de-48d7-a62d-6d8cbf370531/resourceGroups/ota-update-rg/providers/Microsoft.Network/virtualNetworks/ota-vnet/subnets/ota-subnet",
            "name": "ota-subnet",
            "private_endpoint_network_policies": "Disabled",
            "private_link_service_network_policies_enabled": true,
            "resource_group_name": "ota-update-rg",
            "service_endpoint_policy_ids": [],
            "service_endpoints": [],
            "timeouts": null,
            "virtual_network_name": "ota-vnet"
          },
          "sensitive_attributes": [],
          "private": "eyJlMmJmYjczMC1lY2FhLTExZTYtOGY4OC0zNDM2M2JjN2M0YzAiOnsiY3JlYXRlIjoxODAwMDAwMDAwMDAwLCJkZWxldGUiOjE4MDAwMDAwMDAwMDAsInJlYWQiOjMwMDAwMDAwMDAwMCwidXBkYXRlIjoxODAwMDAwMDAwMDAwfX0=",
          "dependencies": [
            "azurerm_resource_group.rg",
            "azurerm_virtual_network.vnet"
          ]
        }
      ]
    },
    {
      "mode": "managed",
      "type": "azurerm_virtual_network",
      "name": "vnet",
      "provider": "provider[\"registry.terraform.io/hashicorp/azurerm\"]",
      "instances": [
        {
          "schema_version": 0,
          "attributes": {
            "address_space": [
              "10.0.0.0/16"
            ],
            "bgp_community": "",
            "ddos_protection_plan": [],
            "dns_servers": [],
            "edge_zone": "",
            "encryption": [],
            "flow_timeout_in_minutes": 0,
            "guid": "123afd31-8b52-4387-aef8-18058b9bd72e",
            "id": "/subscriptions/ec34342c-37de-48d7-a62d-6d8cbf370531/resourceGroups/ota-update-rg/providers/Microsoft.Network/virtualNetworks/ota-vnet",
            "location": "italynorth",
            "name": "ota-vnet",
            "private_endpoint_vnet_policies": "Disabled",
            "resource_group_name": "ota-update-rg",
            "subnet": [
              {
                "address_prefixes": [
                  "10.0.1.0/24"
                ],
                "default_outbound_access_enabled": true,
                "delegation": [],
                "id": "/subscriptions/ec34342c-37de-48d7-a62d-6d8cbf370531/resourceGroups/ota-update-rg/providers/Microsoft.Network/virtualNetworks/ota-vnet/subnets/ota-subnet",
                "name": "ota-subnet",
                "private_endpoint_network_policies": "Disabled",
                "private_link_service_network_policies_enabled": true,
                "route_table_id": "",
                "security_group": "",
                "service_endpoint_policy_ids": [],
                "service_endpoints": []
              }
            ],
            "tags": {},
            "timeouts": null
          },
          "sensitive_attributes": [],
          "private": "eyJlMmJmYjczMC1lY2FhLTExZTYtOGY4OC0zNDM2M2JjN2M0YzAiOnsiY3JlYXRlIjoxODAwMDAwMDAwMDAwLCJkZWxldGUiOjE4MDAwMDAwMDAwMDAsInJlYWQiOjMwMDAwMDAwMDAwMCwidXBkYXRlIjoxODAwMDAwMDAwMDAwfX0=",
          "dependencies": [
            "azurerm_resource_group.rg"
          ]
        }
      ]
    }
  ],
  "check_results": null
}
